// !$*UTF8*$!
{
	archiveVersion = 1;
	classes = {
	};
	objectVersion = 56;
	objects = {

/* Begin PBXBuildFile section */
		5022A0C82BDA77C100CFEDDA /* ConfigViewController.swift in Sources */ = {isa = PBXBuildFile; fileRef = 5022A0C72BDA77C100CFEDDA /* ConfigViewController.swift */; };
		5022A0CB2BDA7D0C00CFEDDA /* SnapKit in Frameworks */ = {isa = PBXBuildFile; productRef = 5022A0CA2BDA7D0C00CFEDDA /* SnapKit */; };
		502AD2C32BC688D400C5CD3C /* MediaPicker in Frameworks */ = {isa = PBXBuildFile; productRef = 502AD2C22BC688D400C5CD3C /* MediaPicker */; };
		50895DE72BC9522200128719 /* PhotosUI.framework in Frameworks */ = {isa = PBXBuildFile; fileRef = 50895DE62BC9522200128719 /* PhotosUI.framework */; };
		50CCA7872BD6644D00D5308F /* Localizable.xcstrings in Resources */ = {isa = PBXBuildFile; fileRef = 50CCA7862BD6644D00D5308F /* Localizable.xcstrings */; };
		50D44F242BD68B7300697261 /* MediaPicker in Frameworks */ = {isa = PBXBuildFile; productRef = 50D44F232BD68B7300697261 /* MediaPicker */; };
		50E466DB2BBFD9B0004DD4C1 /* AppDelegate.swift in Sources */ = {isa = PBXBuildFile; fileRef = 50E466DA2BBFD9B0004DD4C1 /* AppDelegate.swift */; };
		50E466DF2BBFD9B0004DD4C1 /* ViewController.swift in Sources */ = {isa = PBXBuildFile; fileRef = 50E466DE2BBFD9B0004DD4C1 /* ViewController.swift */; };
		50E466E42BBFD9B1004DD4C1 /* Assets.xcassets in Resources */ = {isa = PBXBuildFile; fileRef = 50E466E32BBFD9B1004DD4C1 /* Assets.xcassets */; };
/* End PBXBuildFile section */

/* Begin PBXFileReference section */
		5022A0C72BDA77C100CFEDDA /* ConfigViewController.swift */ = {isa = PBXFileReference; lastKnownFileType = sourcecode.swift; path = ConfigViewController.swift; sourceTree = "<group>"; };
		502AD2BF2BC680E300C5CD3C /* MediaPickerExpample.app */ = {isa = PBXFileReference; explicitFileType = wrapper.application; includeInIndex = 0; path = MediaPickerExpample.app; sourceTree = BUILT_PRODUCTS_DIR; };
		503BA8E02BD68A0500A927B4 /* fr */ = {isa = PBXFileReference; lastKnownFileType = file.storyboard; name = fr; path = fr.lproj/LaunchScreen.storyboard; sourceTree = "<group>"; };
		503BA8E12BD68A0B00A927B4 /* de */ = {isa = PBXFileReference; lastKnownFileType = file.storyboard; name = de; path = de.lproj/LaunchScreen.storyboard; sourceTree = "<group>"; };
		503BA8E22BD68A1800A927B4 /* ja */ = {isa = PBXFileReference; lastKnownFileType = file.storyboard; name = ja; path = ja.lproj/LaunchScreen.storyboard; sourceTree = "<group>"; };
		503BA8E32BD68A2400A927B4 /* es */ = {isa = PBXFileReference; lastKnownFileType = file.storyboard; name = es; path = es.lproj/LaunchScreen.storyboard; sourceTree = "<group>"; };
		507BE3672BD642AB00C78F60 /* en */ = {isa = PBXFileReference; lastKnownFileType = file.storyboard; name = en; path = en.lproj/LaunchScreen.storyboard; sourceTree = "<group>"; };
		507BE3682BD642BD00C78F60 /* ru */ = {isa = PBXFileReference; lastKnownFileType = file.storyboard; name = ru; path = ru.lproj/LaunchScreen.storyboard; sourceTree = "<group>"; };
		50895DE62BC9522200128719 /* PhotosUI.framework */ = {isa = PBXFileReference; lastKnownFileType = wrapper.framework; name = PhotosUI.framework; path = System/Library/Frameworks/PhotosUI.framework; sourceTree = SDKROOT; };
		50CCA7862BD6644D00D5308F /* Localizable.xcstrings */ = {isa = PBXFileReference; lastKnownFileType = text.json.xcstrings; path = Localizable.xcstrings; sourceTree = "<group>"; };
		50D44F252BD68C3B00697261 /* pl */ = {isa = PBXFileReference; lastKnownFileType = file.storyboard; name = pl; path = pl.lproj/LaunchScreen.storyboard; sourceTree = "<group>"; };
		50E466DA2BBFD9B0004DD4C1 /* AppDelegate.swift */ = {isa = PBXFileReference; lastKnownFileType = sourcecode.swift; path = AppDelegate.swift; sourceTree = "<group>"; };
		50E466DE2BBFD9B0004DD4C1 /* ViewController.swift */ = {isa = PBXFileReference; lastKnownFileType = sourcecode.swift; path = ViewController.swift; sourceTree = "<group>"; };
		50E466E32BBFD9B1004DD4C1 /* Assets.xcassets */ = {isa = PBXFileReference; lastKnownFileType = folder.assetcatalog; path = Assets.xcassets; sourceTree = "<group>"; };
		50E466E82BBFD9B1004DD4C1 /* Info.plist */ = {isa = PBXFileReference; lastKnownFileType = text.plist.xml; path = Info.plist; sourceTree = "<group>"; };
/* End PBXFileReference section */

/* Begin PBXFrameworksBuildPhase section */
		50E466D42BBFD9B0004DD4C1 /* Frameworks */ = {
			isa = PBXFrameworksBuildPhase;
			buildActionMask = 2147483647;
			files = (
				502AD2C32BC688D400C5CD3C /* MediaPicker in Frameworks */,
				5022A0CB2BDA7D0C00CFEDDA /* SnapKit in Frameworks */,
				50895DE72BC9522200128719 /* PhotosUI.framework in Frameworks */,
				50D44F242BD68B7300697261 /* MediaPicker in Frameworks */,
			);
			runOnlyForDeploymentPostprocessing = 0;
		};
/* End PBXFrameworksBuildPhase section */

/* Begin PBXGroup section */
		502AD2C12BC688D400C5CD3C /* Frameworks */ = {
			isa = PBXGroup;
			children = (
				50895DE62BC9522200128719 /* PhotosUI.framework */,
			);
			name = Frameworks;
			sourceTree = "<group>";
		};
		50E466CE2BBFD9B0004DD4C1 = {
			isa = PBXGroup;
			children = (
				50E466D92BBFD9B0004DD4C1 /* MediaPickerExpample */,
				502AD2BF2BC680E300C5CD3C /* MediaPickerExpample.app */,
				502AD2C12BC688D400C5CD3C /* Frameworks */,
			);
			sourceTree = "<group>";
		};
		50E466D92BBFD9B0004DD4C1 /* MediaPickerExpample */ = {
			isa = PBXGroup;
			children = (
				50E466DA2BBFD9B0004DD4C1 /* AppDelegate.swift */,
				50E466DE2BBFD9B0004DD4C1 /* ViewController.swift */,
				5022A0C72BDA77C100CFEDDA /* ConfigViewController.swift */,
				50E466E32BBFD9B1004DD4C1 /* Assets.xcassets */,
				50E466E52BBFD9B1004DD4C1 /* LaunchScreen.storyboard */,
				50E466E82BBFD9B1004DD4C1 /* Info.plist */,
				50CCA7862BD6644D00D5308F /* Localizable.xcstrings */,
			);
			path = MediaPickerExpample;
			sourceTree = "<group>";
		};
/* End PBXGroup section */

/* Begin PBXNativeTarget section */
		50E466D62BBFD9B0004DD4C1 /* MediaPickerExpample */ = {
			isa = PBXNativeTarget;
			buildConfigurationList = 50E466EB2BBFD9B1004DD4C1 /* Build configuration list for PBXNativeTarget "MediaPickerExpample" */;
			buildPhases = (
				50E466D32BBFD9B0004DD4C1 /* Sources */,
				50E466D42BBFD9B0004DD4C1 /* Frameworks */,
				50E466D52BBFD9B0004DD4C1 /* Resources */,
			);
			buildRules = (
			);
			dependencies = (
			);
			name = MediaPickerExpample;
			packageProductDependencies = (
				502AD2C22BC688D400C5CD3C /* MediaPicker */,
				50D44F232BD68B7300697261 /* MediaPicker */,
				5022A0CA2BDA7D0C00CFEDDA /* SnapKit */,
			);
			productName = MediaPickerExpample;
			productReference = 502AD2BF2BC680E300C5CD3C /* MediaPickerExpample.app */;
			productType = "com.apple.product-type.application";
		};
/* End PBXNativeTarget section */

/* Begin PBXProject section */
		50E466CF2BBFD9B0004DD4C1 /* Project object */ = {
			isa = PBXProject;
			attributes = {
				BuildIndependentTargetsInParallel = 1;
				LastSwiftUpdateCheck = 1530;
				LastUpgradeCheck = 1530;
				TargetAttributes = {
					50E466D62BBFD9B0004DD4C1 = {
						CreatedOnToolsVersion = 15.3;
					};
				};
			};
			buildConfigurationList = 50E466D22BBFD9B0004DD4C1 /* Build configuration list for PBXProject "MediaPickerExpample" */;
			compatibilityVersion = "Xcode 14.0";
			developmentRegion = en;
			hasScannedForEncodings = 0;
			knownRegions = (
				en,
				ru,
				fr,
				de,
				ja,
				es,
				pl,
			);
			mainGroup = 50E466CE2BBFD9B0004DD4C1;
			packageReferences = (
				50D44F222BD68B7300697261 /* XCRemoteSwiftPackageReference "MediaPicker" */,
				5022A0C92BDA7D0C00CFEDDA /* XCRemoteSwiftPackageReference "SnapKit" */,
			);
			productRefGroup = 50E466CE2BBFD9B0004DD4C1;
			projectDirPath = "";
			projectRoot = "";
			targets = (
				50E466D62BBFD9B0004DD4C1 /* MediaPickerExpample */,
			);
		};
/* End PBXProject section */

/* Begin PBXResourcesBuildPhase section */
		50E466D52BBFD9B0004DD4C1 /* Resources */ = {
			isa = PBXResourcesBuildPhase;
			buildActionMask = 2147483647;
			files = (
				50CCA7872BD6644D00D5308F /* Localizable.xcstrings in Resources */,
				50E466E42BBFD9B1004DD4C1 /* Assets.xcassets in Resources */,
			);
			runOnlyForDeploymentPostprocessing = 0;
		};
/* End PBXResourcesBuildPhase section */

/* Begin PBXSourcesBuildPhase section */
		50E466D32BBFD9B0004DD4C1 /* Sources */ = {
			isa = PBXSourcesBuildPhase;
			buildActionMask = 2147483647;
			files = (
				50E466DF2BBFD9B0004DD4C1 /* ViewController.swift in Sources */,
				50E466DB2BBFD9B0004DD4C1 /* AppDelegate.swift in Sources */,
				5022A0C82BDA77C100CFEDDA /* ConfigViewController.swift in Sources */,
			);
			runOnlyForDeploymentPostprocessing = 0;
		};
/* End PBXSourcesBuildPhase section */

/* Begin PBXVariantGroup section */
		50E466E52BBFD9B1004DD4C1 /* LaunchScreen.storyboard */ = {
			isa = PBXVariantGroup;
			children = (
				507BE3672BD642AB00C78F60 /* en */,
				507BE3682BD642BD00C78F60 /* ru */,
				503BA8E02BD68A0500A927B4 /* fr */,
				503BA8E12BD68A0B00A927B4 /* de */,
				503BA8E22BD68A1800A927B4 /* ja */,
				503BA8E32BD68A2400A927B4 /* es */,
				50D44F252BD68C3B00697261 /* pl */,
			);
			name = LaunchScreen.storyboard;
			sourceTree = "<group>";
		};
/* End PBXVariantGroup section */

/* Begin XCBuildConfiguration section */
		50E466E92BBFD9B1004DD4C1 /* Debug */ = {
			isa = XCBuildConfiguration;
			buildSettings = {
				ALWAYS_SEARCH_USER_PATHS = NO;
				ASSETCATALOG_COMPILER_GENERATE_SWIFT_ASSET_SYMBOL_EXTENSIONS = YES;
				CLANG_ANALYZER_LOCALIZABILITY_NONLOCALIZED = YES;
				CLANG_ANALYZER_NONNULL = YES;
				CLANG_ANALYZER_NUMBER_OBJECT_CONVERSION = YES_AGGRESSIVE;
				CLANG_CXX_LANGUAGE_STANDARD = "gnu++20";
				CLANG_ENABLE_MODULES = YES;
				CLANG_ENABLE_OBJC_ARC = YES;
				CLANG_ENABLE_OBJC_WEAK = YES;
				CLANG_WARN_BLOCK_CAPTURE_AUTORELEASING = YES;
				CLANG_WARN_BOOL_CONVERSION = YES;
				CLANG_WARN_COMMA = YES;
				CLANG_WARN_CONSTANT_CONVERSION = YES;
				CLANG_WARN_DEPRECATED_OBJC_IMPLEMENTATIONS = YES;
				CLANG_WARN_DIRECT_OBJC_ISA_USAGE = YES_ERROR;
				CLANG_WARN_DOCUMENTATION_COMMENTS = YES;
				CLANG_WARN_EMPTY_BODY = YES;
				CLANG_WARN_ENUM_CONVERSION = YES;
				CLANG_WARN_INFINITE_RECURSION = YES;
				CLANG_WARN_INT_CONVERSION = YES;
				CLANG_WARN_NON_LITERAL_NULL_CONVERSION = YES;
				CLANG_WARN_OBJC_IMPLICIT_RETAIN_SELF = YES;
				CLANG_WARN_OBJC_LITERAL_CONVERSION = YES;
				CLANG_WARN_OBJC_ROOT_CLASS = YES_ERROR;
				CLANG_WARN_QUOTED_INCLUDE_IN_FRAMEWORK_HEADER = YES;
				CLANG_WARN_RANGE_LOOP_ANALYSIS = YES;
				CLANG_WARN_STRICT_PROTOTYPES = YES;
				CLANG_WARN_SUSPICIOUS_MOVE = YES;
				CLANG_WARN_UNGUARDED_AVAILABILITY = YES_AGGRESSIVE;
				CLANG_WARN_UNREACHABLE_CODE = YES;
				CLANG_WARN__DUPLICATE_METHOD_MATCH = YES;
				COPY_PHASE_STRIP = NO;
				DEBUG_INFORMATION_FORMAT = dwarf;
				ENABLE_STRICT_OBJC_MSGSEND = YES;
				ENABLE_TESTABILITY = YES;
				ENABLE_USER_SCRIPT_SANDBOXING = YES;
				GCC_C_LANGUAGE_STANDARD = gnu17;
				GCC_DYNAMIC_NO_PIC = NO;
				GCC_NO_COMMON_BLOCKS = YES;
				GCC_OPTIMIZATION_LEVEL = 0;
				GCC_PREPROCESSOR_DEFINITIONS = (
					"DEBUG=1",
					"$(inherited)",
				);
				GCC_WARN_64_TO_32_BIT_CONVERSION = YES;
				GCC_WARN_ABOUT_RETURN_TYPE = YES_ERROR;
				GCC_WARN_UNDECLARED_SELECTOR = YES;
				GCC_WARN_UNINITIALIZED_AUTOS = YES_AGGRESSIVE;
				GCC_WARN_UNUSED_FUNCTION = YES;
				GCC_WARN_UNUSED_VARIABLE = YES;
				IPHONEOS_DEPLOYMENT_TARGET = 15.0;
				LOCALIZATION_PREFERS_STRING_CATALOGS = YES;
				MTL_ENABLE_DEBUG_INFO = INCLUDE_SOURCE;
				MTL_FAST_MATH = YES;
				ONLY_ACTIVE_ARCH = YES;
				SDKROOT = iphoneos;
				SWIFT_ACTIVE_COMPILATION_CONDITIONS = "DEBUG $(inherited)";
				SWIFT_OPTIMIZATION_LEVEL = "-Onone";
			};
			name = Debug;
		};
		50E466EA2BBFD9B1004DD4C1 /* Release */ = {
			isa = XCBuildConfiguration;
			buildSettings = {
				ALWAYS_SEARCH_USER_PATHS = NO;
				ASSETCATALOG_COMPILER_GENERATE_SWIFT_ASSET_SYMBOL_EXTENSIONS = YES;
				CLANG_ANALYZER_LOCALIZABILITY_NONLOCALIZED = YES;
				CLANG_ANALYZER_NONNULL = YES;
				CLANG_ANALYZER_NUMBER_OBJECT_CONVERSION = YES_AGGRESSIVE;
				CLANG_CXX_LANGUAGE_STANDARD = "gnu++20";
				CLANG_ENABLE_MODULES = YES;
				CLANG_ENABLE_OBJC_ARC = YES;
				CLANG_ENABLE_OBJC_WEAK = YES;
				CLANG_WARN_BLOCK_CAPTURE_AUTORELEASING = YES;
				CLANG_WARN_BOOL_CONVERSION = YES;
				CLANG_WARN_COMMA = YES;
				CLANG_WARN_CONSTANT_CONVERSION = YES;
				CLANG_WARN_DEPRECATED_OBJC_IMPLEMENTATIONS = YES;
				CLANG_WARN_DIRECT_OBJC_ISA_USAGE = YES_ERROR;
				CLANG_WARN_DOCUMENTATION_COMMENTS = YES;
				CLANG_WARN_EMPTY_BODY = YES;
				CLANG_WARN_ENUM_CONVERSION = YES;
				CLANG_WARN_INFINITE_RECURSION = YES;
				CLANG_WARN_INT_CONVERSION = YES;
				CLANG_WARN_NON_LITERAL_NULL_CONVERSION = YES;
				CLANG_WARN_OBJC_IMPLICIT_RETAIN_SELF = YES;
				CLANG_WARN_OBJC_LITERAL_CONVERSION = YES;
				CLANG_WARN_OBJC_ROOT_CLASS = YES_ERROR;
				CLANG_WARN_QUOTED_INCLUDE_IN_FRAMEWORK_HEADER = YES;
				CLANG_WARN_RANGE_LOOP_ANALYSIS = YES;
				CLANG_WARN_STRICT_PROTOTYPES = YES;
				CLANG_WARN_SUSPICIOUS_MOVE = YES;
				CLANG_WARN_UNGUARDED_AVAILABILITY = YES_AGGRESSIVE;
				CLANG_WARN_UNREACHABLE_CODE = YES;
				CLANG_WARN__DUPLICATE_METHOD_MATCH = YES;
				COPY_PHASE_STRIP = NO;
				DEBUG_INFORMATION_FORMAT = "dwarf-with-dsym";
				ENABLE_NS_ASSERTIONS = NO;
				ENABLE_STRICT_OBJC_MSGSEND = YES;
				ENABLE_USER_SCRIPT_SANDBOXING = YES;
				GCC_C_LANGUAGE_STANDARD = gnu17;
				GCC_NO_COMMON_BLOCKS = YES;
				GCC_WARN_64_TO_32_BIT_CONVERSION = YES;
				GCC_WARN_ABOUT_RETURN_TYPE = YES_ERROR;
				GCC_WARN_UNDECLARED_SELECTOR = YES;
				GCC_WARN_UNINITIALIZED_AUTOS = YES_AGGRESSIVE;
				GCC_WARN_UNUSED_FUNCTION = YES;
				GCC_WARN_UNUSED_VARIABLE = YES;
				IPHONEOS_DEPLOYMENT_TARGET = 15.0;
				LOCALIZATION_PREFERS_STRING_CATALOGS = YES;
				MTL_ENABLE_DEBUG_INFO = NO;
				MTL_FAST_MATH = YES;
				SDKROOT = iphoneos;
				SWIFT_COMPILATION_MODE = wholemodule;
				VALIDATE_PRODUCT = YES;
			};
			name = Release;
		};
		50E466EC2BBFD9B1004DD4C1 /* Debug */ = {
			isa = XCBuildConfiguration;
			buildSettings = {
				ASSETCATALOG_COMPILER_APPICON_NAME = AppIcon;
				ASSETCATALOG_COMPILER_GLOBAL_ACCENT_COLOR_NAME = AccentColor;
				CODE_SIGN_IDENTITY = "Apple Development";
				CODE_SIGN_STYLE = Automatic;
				CURRENT_PROJECT_VERSION = 1;
				DEVELOPMENT_TEAM = B4ZP7P7M79;
				GENERATE_INFOPLIST_FILE = YES;
				INFOPLIST_FILE = MediaPickerExpample/Info.plist;
				INFOPLIST_KEY_CFBundleDisplayName = MediaPicker;
				INFOPLIST_KEY_NSCameraUsageDescription = "";
				INFOPLIST_KEY_NSMicrophoneUsageDescription = "";
				INFOPLIST_KEY_NSPhotoLibraryAddUsageDescription = "";
				INFOPLIST_KEY_NSPhotoLibraryUsageDescription = "";
				INFOPLIST_KEY_UIApplicationSupportsIndirectInputEvents = YES;
				INFOPLIST_KEY_UILaunchStoryboardName = "Launch Screen.storyboard";
				INFOPLIST_KEY_UISupportedInterfaceOrientations_iPad = "UIInterfaceOrientationPortrait UIInterfaceOrientationPortraitUpsideDown UIInterfaceOrientationLandscapeLeft UIInterfaceOrientationLandscapeRight";
				INFOPLIST_KEY_UISupportedInterfaceOrientations_iPhone = "UIInterfaceOrientationPortrait UIInterfaceOrientationLandscapeLeft UIInterfaceOrientationLandscapeRight";
				LD_RUNPATH_SEARCH_PATHS = (
					"$(inherited)",
					"@executable_path/Frameworks",
				);
				MARKETING_VERSION = 1.0;
				PRODUCT_BUNDLE_IDENTIFIER = com.vpdev.mediapickerexample;
				PRODUCT_NAME = "$(TARGET_NAME)";
				PROVISIONING_PROFILE_SPECIFIER = "";
				SWIFT_EMIT_LOC_STRINGS = YES;
				SWIFT_VERSION = 5.0;
				TARGETED_DEVICE_FAMILY = "1,2";
			};
			name = Debug;
		};
		50E466ED2BBFD9B1004DD4C1 /* Release */ = {
			isa = XCBuildConfiguration;
			buildSettings = {
				ASSETCATALOG_COMPILER_APPICON_NAME = AppIcon;
				ASSETCATALOG_COMPILER_GLOBAL_ACCENT_COLOR_NAME = AccentColor;
				CODE_SIGN_IDENTITY = "Apple Development";
				CODE_SIGN_STYLE = Automatic;
				CURRENT_PROJECT_VERSION = 1;
				DEVELOPMENT_TEAM = B4ZP7P7M79;
				GENERATE_INFOPLIST_FILE = YES;
				INFOPLIST_FILE = MediaPickerExpample/Info.plist;
				INFOPLIST_KEY_CFBundleDisplayName = MediaPicker;
				INFOPLIST_KEY_NSCameraUsageDescription = "";
				INFOPLIST_KEY_NSMicrophoneUsageDescription = "";
				INFOPLIST_KEY_NSPhotoLibraryAddUsageDescription = "";
				INFOPLIST_KEY_NSPhotoLibraryUsageDescription = "";
				INFOPLIST_KEY_UIApplicationSupportsIndirectInputEvents = YES;
				INFOPLIST_KEY_UILaunchStoryboardName = "Launch Screen.storyboard";
				INFOPLIST_KEY_UISupportedInterfaceOrientations_iPad = "UIInterfaceOrientationPortrait UIInterfaceOrientationPortraitUpsideDown UIInterfaceOrientationLandscapeLeft UIInterfaceOrientationLandscapeRight";
				INFOPLIST_KEY_UISupportedInterfaceOrientations_iPhone = "UIInterfaceOrientationPortrait UIInterfaceOrientationLandscapeLeft UIInterfaceOrientationLandscapeRight";
				LD_RUNPATH_SEARCH_PATHS = (
					"$(inherited)",
					"@executable_path/Frameworks",
				);
				MARKETING_VERSION = 1.0;
				PRODUCT_BUNDLE_IDENTIFIER = com.vpdev.mediapickerexample;
				PRODUCT_NAME = "$(TARGET_NAME)";
				PROVISIONING_PROFILE_SPECIFIER = "";
				SWIFT_EMIT_LOC_STRINGS = YES;
				SWIFT_VERSION = 5.0;
				TARGETED_DEVICE_FAMILY = "1,2";
			};
			name = Release;
		};
/* End XCBuildConfiguration section */

/* Begin XCConfigurationList section */
		50E466D22BBFD9B0004DD4C1 /* Build configuration list for PBXProject "MediaPickerExpample" */ = {
			isa = XCConfigurationList;
			buildConfigurations = (
				50E466E92BBFD9B1004DD4C1 /* Debug */,
				50E466EA2BBFD9B1004DD4C1 /* Release */,
			);
			defaultConfigurationIsVisible = 0;
			defaultConfigurationName = Release;
		};
		50E466EB2BBFD9B1004DD4C1 /* Build configuration list for PBXNativeTarget "MediaPickerExpample" */ = {
			isa = XCConfigurationList;
			buildConfigurations = (
				50E466EC2BBFD9B1004DD4C1 /* Debug */,
				50E466ED2BBFD9B1004DD4C1 /* Release */,
			);
			defaultConfigurationIsVisible = 0;
			defaultConfigurationName = Release;
		};
/* End XCConfigurationList section */

/* Begin XCRemoteSwiftPackageReference section */
		5022A0C92BDA7D0C00CFEDDA /* XCRemoteSwiftPackageReference "SnapKit" */ = {
			isa = XCRemoteSwiftPackageReference;
			repositoryURL = "https://github.com/SnapKit/SnapKit.git";
			requirement = {
				branch = develop;
				kind = branch;
			};
		};
		50D44F222BD68B7300697261 /* XCRemoteSwiftPackageReference "MediaPicker" */ = {
			isa = XCRemoteSwiftPackageReference;
			repositoryURL = "https://github.com/SynthesOne/MediaPicker.git";
			requirement = {
				branch = dev;
				kind = branch;
			};
		};
/* End XCRemoteSwiftPackageReference section */

/* Begin XCSwiftPackageProductDependency section */
		5022A0CA2BDA7D0C00CFEDDA /* SnapKit */ = {
			isa = XCSwiftPackageProductDependency;
			package = 5022A0C92BDA7D0C00CFEDDA /* XCRemoteSwiftPackageReference "SnapKit" */;
			productName = SnapKit;
		};
		502AD2C22BC688D400C5CD3C /* MediaPicker */ = {
			isa = XCSwiftPackageProductDependency;
			productName = MediaPicker;
		};
		50D44F232BD68B7300697261 /* MediaPicker */ = {
			isa = XCSwiftPackageProductDependency;
			package = 50D44F222BD68B7300697261 /* XCRemoteSwiftPackageReference "MediaPicker" */;
			productName = MediaPicker;
		};
/* End XCSwiftPackageProductDependency section */
	};
	rootObject = 50E466CF2BBFD9B0004DD4C1 /* Project object */;
}
