{
  "originHash" : "e1b3a1f5735a412eb13ea7ad25fca82f0305c62812a433ef3abfd183356c3ab2",
  "pins" : [
    {
      "identity" : "mediapicker",
      "kind" : "remoteSourceControl",
      "location" : "https://github.com/SynthesOne/MediaPicker.git",
      "state" : {
        "branch" : "main",
        "revision" : "76af61924f7b399c210a8ff7d4ebff9dad862e18"
      }
    }
  ],
  "version" : 3
}
