{
  "originHash" : "e1b3a1f5735a412eb13ea7ad25fca82f0305c62812a433ef3abfd183356c3ab2",
  "pins" : [
    {
      "identity" : "mediapicker",
      "kind" : "remoteSourceControl",
      "location" : "https://github.com/SynthesOne/MediaPicker.git",
      "state" : {
        "branch" : "dev",
        "revision" : "720d19788d2f4779cabc1fbdafd828f74c44cd83"
      }
    }
  ],
  "version" : 3
}
