{
  "originHash" : "e1b3a1f5735a412eb13ea7ad25fca82f0305c62812a433ef3abfd183356c3ab2",
  "pins" : [
    {
      "identity" : "mediapicker",
      "kind" : "remoteSourceControl",
      "location" : "https://github.com/SynthesOne/MediaPicker.git",
      "state" : {
        "branch" : "dev",
        "revision" : "087f1c936f4a8d995602f539a6c4375d0e79566a"
      }
    }
  ],
  "version" : 3
}
